
Microsoft Visual Studio Solution File, Format Version 12.00
# Visual Studio Version 17
VisualStudioVersion = 17.9.34701.34
MinimumVisualStudioVersion = 10.0.40219.1
Project("{FAE04EC0-301F-11D3-BF4B-00C04F79EFBC}") = "EventSourcing", "EventSourcing\EventSourcing.csproj", "{2E582B47-0043-4F8D-9D1A-06C13298D157}"
EndProject
Global
	GlobalSection(SolutionConfigurationPlatforms) = preSolution
		Debug|Any CPU = Debug|Any CPU
		Release|Any CPU = Release|Any CPU
	EndGlobalSection
	GlobalSection(ProjectConfigurationPlatforms) = postSolution
		{2E582B47-0043-4F8D-9D1A-06C13298D157}.Debug|Any CPU.ActiveCfg = Debug|Any CPU
		{2E582B47-0043-4F8D-9D1A-06C13298D157}.Debug|Any CPU.Build.0 = Debug|Any CPU
		{2E582B47-0043-4F8D-9D1A-06C13298D157}.Release|Any CPU.ActiveCfg = Release|Any CPU
		{2E582B47-0043-4F8D-9D1A-06C13298D157}.Release|Any CPU.Build.0 = Release|Any CPU
	EndGlobalSection
	GlobalSection(SolutionProperties) = preSolution
		HideSolutionNode = FALSE
	EndGlobalSection
	GlobalSection(ExtensibilityGlobals) = postSolution
		SolutionGuid = {55109E0A-71D5-41B7-BE34-AE5E29B2092F}
	EndGlobalSection
EndGlobal
